// !$*UTF8*$!
{
	archiveVersion = 1;
	classes = {
	};
	objectVersion = 48;
	objects = {

/* Begin PBXBuildFile section */
		2BED6B92485A0D36D1B0DCE1 /* Pods_flixTests.framework in Frameworks */ = {isa = PBXBuildFile; fileRef = 8289A4334A7E6AFE33D272DC /* Pods_flixTests.framework */; };
		329AF84BCD96F1E85F125149 /* Pods_flix.framework in Frameworks */ = {isa = PBXBuildFile; fileRef = 7B7482FD325F55E5D4863656 /* Pods_flix.framework */; };
		5A283895202987CC00BBBA48 /* AppDelegate.swift in Sources */ = {isa = PBXBuildFile; fileRef = 5A283894202987CC00BBBA48 /* AppDelegate.swift */; };
		5A28389A202987CC00BBBA48 /* Main.storyboard in Resources */ = {isa = PBXBuildFile; fileRef = 5A283898202987CC00BBBA48 /* Main.storyboard */; };
		5A28389C202987CC00BBBA48 /* Assets.xcassets in Resources */ = {isa = PBXBuildFile; fileRef = 5A28389B202987CC00BBBA48 /* Assets.xcassets */; };
		5A28389F202987CC00BBBA48 /* LaunchScreen.storyboard in Resources */ = {isa = PBXBuildFile; fileRef = 5A28389D202987CC00BBBA48 /* LaunchScreen.storyboard */; };
		5A2838AA202987CC00BBBA48 /* flixTests.swift in Sources */ = {isa = PBXBuildFile; fileRef = 5A2838A9202987CC00BBBA48 /* flixTests.swift */; };
		5A2838B5202987CC00BBBA48 /* flixUITests.swift in Sources */ = {isa = PBXBuildFile; fileRef = 5A2838B4202987CC00BBBA48 /* flixUITests.swift */; };
		5AF133C2202A7E3600190CD7 /* DetailViewController.swift in Sources */ = {isa = PBXBuildFile; fileRef = 5AF133C1202A7E3600190CD7 /* DetailViewController.swift */; };
		5AFCBF3620298AB800C2EDFF /* NowPlayingViewController.swift in Sources */ = {isa = PBXBuildFile; fileRef = 5AFCBF3520298AB800C2EDFF /* NowPlayingViewController.swift */; };
		5AFCBF382029921400C2EDFF /* MovieCell.swift in Sources */ = {isa = PBXBuildFile; fileRef = 5AFCBF372029921400C2EDFF /* MovieCell.swift */; };
		E2B9C30EA04B68C067874E7A /* Pods_flixUITests.framework in Frameworks */ = {isa = PBXBuildFile; fileRef = 148F7E079F3718AE60C8E3DC /* Pods_flixUITests.framework */; };
/* End PBXBuildFile section */

/* Begin PBXContainerItemProxy section */
		5A2838A6202987CC00BBBA48 /* PBXContainerItemProxy */ = {
			isa = PBXContainerItemProxy;
			containerPortal = 5A283889202987CC00BBBA48 /* Project object */;
			proxyType = 1;
			remoteGlobalIDString = 5A283890202987CC00BBBA48;
			remoteInfo = flix;
		};
		5A2838B1202987CC00BBBA48 /* PBXContainerItemProxy */ = {
			isa = PBXContainerItemProxy;
			containerPortal = 5A283889202987CC00BBBA48 /* Project object */;
			proxyType = 1;
			remoteGlobalIDString = 5A283890202987CC00BBBA48;
			remoteInfo = flix;
		};
/* End PBXContainerItemProxy section */

/* Begin PBXFileReference section */
		148F7E079F3718AE60C8E3DC /* Pods_flixUITests.framework */ = {isa = PBXFileReference; explicitFileType = wrapper.framework; includeInIndex = 0; path = Pods_flixUITests.framework; sourceTree = BUILT_PRODUCTS_DIR; };
		48590C62BA0A3EAA143512E7 /* Pods-flix.debug.xcconfig */ = {isa = PBXFileReference; includeInIndex = 1; lastKnownFileType = text.xcconfig; name = "Pods-flix.debug.xcconfig"; path = "Pods/Target Support Files/Pods-flix/Pods-flix.debug.xcconfig"; sourceTree = "<group>"; };
		51D972E991B0667BE2E3AFDC /* Pods-flixTests.debug.xcconfig */ = {isa = PBXFileReference; includeInIndex = 1; lastKnownFileType = text.xcconfig; name = "Pods-flixTests.debug.xcconfig"; path = "Pods/Target Support Files/Pods-flixTests/Pods-flixTests.debug.xcconfig"; sourceTree = "<group>"; };
		5A283891202987CC00BBBA48 /* flix.app */ = {isa = PBXFileReference; explicitFileType = wrapper.application; includeInIndex = 0; path = flix.app; sourceTree = BUILT_PRODUCTS_DIR; };
		5A283894202987CC00BBBA48 /* AppDelegate.swift */ = {isa = PBXFileReference; lastKnownFileType = sourcecode.swift; path = AppDelegate.swift; sourceTree = "<group>"; };
		5A283899202987CC00BBBA48 /* Base */ = {isa = PBXFileReference; lastKnownFileType = file.storyboard; name = Base; path = Base.lproj/Main.storyboard; sourceTree = "<group>"; };
		5A28389B202987CC00BBBA48 /* Assets.xcassets */ = {isa = PBXFileReference; lastKnownFileType = folder.assetcatalog; path = Assets.xcassets; sourceTree = "<group>"; };
		5A28389E202987CC00BBBA48 /* Base */ = {isa = PBXFileReference; lastKnownFileType = file.storyboard; name = Base; path = Base.lproj/LaunchScreen.storyboard; sourceTree = "<group>"; };
		5A2838A0202987CC00BBBA48 /* Info.plist */ = {isa = PBXFileReference; lastKnownFileType = text.plist.xml; path = Info.plist; sourceTree = "<group>"; };
		5A2838A5202987CC00BBBA48 /* flixTests.xctest */ = {isa = PBXFileReference; explicitFileType = wrapper.cfbundle; includeInIndex = 0; path = flixTests.xctest; sourceTree = BUILT_PRODUCTS_DIR; };
		5A2838A9202987CC00BBBA48 /* flixTests.swift */ = {isa = PBXFileReference; lastKnownFileType = sourcecode.swift; path = flixTests.swift; sourceTree = "<group>"; };
		5A2838AB202987CC00BBBA48 /* Info.plist */ = {isa = PBXFileReference; lastKnownFileType = text.plist.xml; path = Info.plist; sourceTree = "<group>"; };
		5A2838B0202987CC00BBBA48 /* flixUITests.xctest */ = {isa = PBXFileReference; explicitFileType = wrapper.cfbundle; includeInIndex = 0; path = flixUITests.xctest; sourceTree = BUILT_PRODUCTS_DIR; };
		5A2838B4202987CC00BBBA48 /* flixUITests.swift */ = {isa = PBXFileReference; lastKnownFileType = sourcecode.swift; path = flixUITests.swift; sourceTree = "<group>"; };
		5A2838B6202987CC00BBBA48 /* Info.plist */ = {isa = PBXFileReference; lastKnownFileType = text.plist.xml; path = Info.plist; sourceTree = "<group>"; };
		5AF133C1202A7E3600190CD7 /* DetailViewController.swift */ = {isa = PBXFileReference; lastKnownFileType = sourcecode.swift; path = DetailViewController.swift; sourceTree = "<group>"; };
		5AFCBF3520298AB800C2EDFF /* NowPlayingViewController.swift */ = {isa = PBXFileReference; lastKnownFileType = sourcecode.swift; path = NowPlayingViewController.swift; sourceTree = "<group>"; };
		5AFCBF372029921400C2EDFF /* MovieCell.swift */ = {isa = PBXFileReference; lastKnownFileType = sourcecode.swift; path = MovieCell.swift; sourceTree = "<group>"; };
		7B7482FD325F55E5D4863656 /* Pods_flix.framework */ = {isa = PBXFileReference; explicitFileType = wrapper.framework; includeInIndex = 0; path = Pods_flix.framework; sourceTree = BUILT_PRODUCTS_DIR; };
		8289A4334A7E6AFE33D272DC /* Pods_flixTests.framework */ = {isa = PBXFileReference; explicitFileType = wrapper.framework; includeInIndex = 0; path = Pods_flixTests.framework; sourceTree = BUILT_PRODUCTS_DIR; };
		B4F9C41849BED9455A66F109 /* Pods-flixTests.release.xcconfig */ = {isa = PBXFileReference; includeInIndex = 1; lastKnownFileType = text.xcconfig; name = "Pods-flixTests.release.xcconfig"; path = "Pods/Target Support Files/Pods-flixTests/Pods-flixTests.release.xcconfig"; sourceTree = "<group>"; };
		C519B3D0DF83C7EEF5ADB554 /* Pods-flix.release.xcconfig */ = {isa = PBXFileReference; includeInIndex = 1; lastKnownFileType = text.xcconfig; name = "Pods-flix.release.xcconfig"; path = "Pods/Target Support Files/Pods-flix/Pods-flix.release.xcconfig"; sourceTree = "<group>"; };
		E4D567B59054039A906DAEEE /* Pods-flixUITests.release.xcconfig */ = {isa = PBXFileReference; includeInIndex = 1; lastKnownFileType = text.xcconfig; name = "Pods-flixUITests.release.xcconfig"; path = "Pods/Target Support Files/Pods-flixUITests/Pods-flixUITests.release.xcconfig"; sourceTree = "<group>"; };
		E9E2A65BF5A237BDC321B625 /* Pods-flixUITests.debug.xcconfig */ = {isa = PBXFileReference; includeInIndex = 1; lastKnownFileType = text.xcconfig; name = "Pods-flixUITests.debug.xcconfig"; path = "Pods/Target Support Files/Pods-flixUITests/Pods-flixUITests.debug.xcconfig"; sourceTree = "<group>"; };
/* End PBXFileReference section */

/* Begin PBXFrameworksBuildPhase section */
		5A28388E202987CC00BBBA48 /* Frameworks */ = {
			isa = PBXFrameworksBuildPhase;
			buildActionMask = 2147483647;
			files = (
				329AF84BCD96F1E85F125149 /* Pods_flix.framework in Frameworks */,
			);
			runOnlyForDeploymentPostprocessing = 0;
		};
		5A2838A2202987CC00BBBA48 /* Frameworks */ = {
			isa = PBXFrameworksBuildPhase;
			buildActionMask = 2147483647;
			files = (
				2BED6B92485A0D36D1B0DCE1 /* Pods_flixTests.framework in Frameworks */,
			);
			runOnlyForDeploymentPostprocessing = 0;
		};
		5A2838AD202987CC00BBBA48 /* Frameworks */ = {
			isa = PBXFrameworksBuildPhase;
			buildActionMask = 2147483647;
			files = (
				E2B9C30EA04B68C067874E7A /* Pods_flixUITests.framework in Frameworks */,
			);
			runOnlyForDeploymentPostprocessing = 0;
		};
/* End PBXFrameworksBuildPhase section */

/* Begin PBXGroup section */
		1BC25AF67BC237B97E9B69EC /* Frameworks */ = {
			isa = PBXGroup;
			children = (
				7B7482FD325F55E5D4863656 /* Pods_flix.framework */,
				8289A4334A7E6AFE33D272DC /* Pods_flixTests.framework */,
				148F7E079F3718AE60C8E3DC /* Pods_flixUITests.framework */,
			);
			name = Frameworks;
			sourceTree = "<group>";
		};
		5A283888202987CC00BBBA48 = {
			isa = PBXGroup;
			children = (
				5A283893202987CC00BBBA48 /* flix */,
				5A2838A8202987CC00BBBA48 /* flixTests */,
				5A2838B3202987CC00BBBA48 /* flixUITests */,
				5A283892202987CC00BBBA48 /* Products */,
				B03DA25FE5FEBB563F784C1F /* Pods */,
				1BC25AF67BC237B97E9B69EC /* Frameworks */,
			);
			sourceTree = "<group>";
		};
		5A283892202987CC00BBBA48 /* Products */ = {
			isa = PBXGroup;
			children = (
				5A283891202987CC00BBBA48 /* flix.app */,
				5A2838A5202987CC00BBBA48 /* flixTests.xctest */,
				5A2838B0202987CC00BBBA48 /* flixUITests.xctest */,
			);
			name = Products;
			sourceTree = "<group>";
		};
		5A283893202987CC00BBBA48 /* flix */ = {
			isa = PBXGroup;
			children = (
				5AF133C0202A7E0300190CD7 /* ViewControllers */,
				5AF133BF202A7DF600190CD7 /* Views */,
				5A283894202987CC00BBBA48 /* AppDelegate.swift */,
				5A283898202987CC00BBBA48 /* Main.storyboard */,
				5A28389B202987CC00BBBA48 /* Assets.xcassets */,
				5A28389D202987CC00BBBA48 /* LaunchScreen.storyboard */,
				5A2838A0202987CC00BBBA48 /* Info.plist */,
			);
			path = flix;
			sourceTree = "<group>";
		};
		5A2838A8202987CC00BBBA48 /* flixTests */ = {
			isa = PBXGroup;
			children = (
				5A2838A9202987CC00BBBA48 /* flixTests.swift */,
				5A2838AB202987CC00BBBA48 /* Info.plist */,
			);
			path = flixTests;
			sourceTree = "<group>";
		};
		5A2838B3202987CC00BBBA48 /* flixUITests */ = {
			isa = PBXGroup;
			children = (
				5A2838B4202987CC00BBBA48 /* flixUITests.swift */,
				5A2838B6202987CC00BBBA48 /* Info.plist */,
			);
			path = flixUITests;
			sourceTree = "<group>";
		};
		5AF133BF202A7DF600190CD7 /* Views */ = {
			isa = PBXGroup;
			children = (
				5AFCBF372029921400C2EDFF /* MovieCell.swift */,
			);
			path = Views;
			sourceTree = "<group>";
		};
		5AF133C0202A7E0300190CD7 /* ViewControllers */ = {
			isa = PBXGroup;
			children = (
				5AFCBF3520298AB800C2EDFF /* NowPlayingViewController.swift */,
				5AF133C1202A7E3600190CD7 /* DetailViewController.swift */,
			);
			path = ViewControllers;
			sourceTree = "<group>";
		};
		B03DA25FE5FEBB563F784C1F /* Pods */ = {
			isa = PBXGroup;
			children = (
				48590C62BA0A3EAA143512E7 /* Pods-flix.debug.xcconfig */,
				C519B3D0DF83C7EEF5ADB554 /* Pods-flix.release.xcconfig */,
				51D972E991B0667BE2E3AFDC /* Pods-flixTests.debug.xcconfig */,
				B4F9C41849BED9455A66F109 /* Pods-flixTests.release.xcconfig */,
				E9E2A65BF5A237BDC321B625 /* Pods-flixUITests.debug.xcconfig */,
				E4D567B59054039A906DAEEE /* Pods-flixUITests.release.xcconfig */,
			);
			name = Pods;
			sourceTree = "<group>";
		};
/* End PBXGroup section */

/* Begin PBXNativeTarget section */
		5A283890202987CC00BBBA48 /* flix */ = {
			isa = PBXNativeTarget;
			buildConfigurationList = 5A2838B9202987CC00BBBA48 /* Build configuration list for PBXNativeTarget "flix" */;
			buildPhases = (
				DFF71EFF7D8663C92B99429E /* [CP] Check Pods Manifest.lock */,
				5A28388D202987CC00BBBA48 /* Sources */,
				5A28388E202987CC00BBBA48 /* Frameworks */,
				5A28388F202987CC00BBBA48 /* Resources */,
				E9BD0D3BEF57ADC1CD82CF59 /* [CP] Embed Pods Frameworks */,
				3FB954DBA99D02048E3D5C97 /* [CP] Copy Pods Resources */,
			);
			buildRules = (
			);
			dependencies = (
			);
			name = flix;
			productName = flix;
			productReference = 5A283891202987CC00BBBA48 /* flix.app */;
			productType = "com.apple.product-type.application";
		};
		5A2838A4202987CC00BBBA48 /* flixTests */ = {
			isa = PBXNativeTarget;
			buildConfigurationList = 5A2838BC202987CC00BBBA48 /* Build configuration list for PBXNativeTarget "flixTests" */;
			buildPhases = (
				2FFC765B923F3BB3E6E74F2E /* [CP] Check Pods Manifest.lock */,
				5A2838A1202987CC00BBBA48 /* Sources */,
				5A2838A2202987CC00BBBA48 /* Frameworks */,
				5A2838A3202987CC00BBBA48 /* Resources */,
				F712DAFA11713B76A1BF8199 /* [CP] Embed Pods Frameworks */,
				586CC8DB5303F65DADD1014A /* [CP] Copy Pods Resources */,
			);
			buildRules = (
			);
			dependencies = (
				5A2838A7202987CC00BBBA48 /* PBXTargetDependency */,
			);
			name = flixTests;
			productName = flixTests;
			productReference = 5A2838A5202987CC00BBBA48 /* flixTests.xctest */;
			productType = "com.apple.product-type.bundle.unit-test";
		};
		5A2838AF202987CC00BBBA48 /* flixUITests */ = {
			isa = PBXNativeTarget;
			buildConfigurationList = 5A2838BF202987CC00BBBA48 /* Build configuration list for PBXNativeTarget "flixUITests" */;
			buildPhases = (
				CEAE474B393ADA77DEE535BB /* [CP] Check Pods Manifest.lock */,
				5A2838AC202987CC00BBBA48 /* Sources */,
				5A2838AD202987CC00BBBA48 /* Frameworks */,
				5A2838AE202987CC00BBBA48 /* Resources */,
				58584D8AA7E121E269749F8A /* [CP] Embed Pods Frameworks */,
				2E10155EB456BF2BC77F7B7E /* [CP] Copy Pods Resources */,
			);
			buildRules = (
			);
			dependencies = (
				5A2838B2202987CC00BBBA48 /* PBXTargetDependency */,
			);
			name = flixUITests;
			productName = flixUITests;
			productReference = 5A2838B0202987CC00BBBA48 /* flixUITests.xctest */;
			productType = "com.apple.product-type.bundle.ui-testing";
		};
/* End PBXNativeTarget section */

/* Begin PBXProject section */
		5A283889202987CC00BBBA48 /* Project object */ = {
			isa = PBXProject;
			attributes = {
				LastSwiftUpdateCheck = 0920;
				LastUpgradeCheck = 0920;
				ORGANIZATIONNAME = godwinpang;
				TargetAttributes = {
					5A283890202987CC00BBBA48 = {
						CreatedOnToolsVersion = 9.2;
						ProvisioningStyle = Automatic;
					};
					5A2838A4202987CC00BBBA48 = {
						CreatedOnToolsVersion = 9.2;
						ProvisioningStyle = Automatic;
						TestTargetID = 5A283890202987CC00BBBA48;
					};
					5A2838AF202987CC00BBBA48 = {
						CreatedOnToolsVersion = 9.2;
						ProvisioningStyle = Automatic;
						TestTargetID = 5A283890202987CC00BBBA48;
					};
				};
			};
			buildConfigurationList = 5A28388C202987CC00BBBA48 /* Build configuration list for PBXProject "flix" */;
			compatibilityVersion = "Xcode 8.0";
			developmentRegion = en;
			hasScannedForEncodings = 0;
			knownRegions = (
				en,
				Base,
			);
			mainGroup = 5A283888202987CC00BBBA48;
			productRefGroup = 5A283892202987CC00BBBA48 /* Products */;
			projectDirPath = "";
			projectRoot = "";
			targets = (
				5A283890202987CC00BBBA48 /* flix */,
				5A2838A4202987CC00BBBA48 /* flixTests */,
				5A2838AF202987CC00BBBA48 /* flixUITests */,
			);
		};
/* End PBXProject section */

/* Begin PBXResourcesBuildPhase section */
		5A28388F202987CC00BBBA48 /* Resources */ = {
			isa = PBXResourcesBuildPhase;
			buildActionMask = 2147483647;
			files = (
				5A28389F202987CC00BBBA48 /* LaunchScreen.storyboard in Resources */,
				5A28389C202987CC00BBBA48 /* Assets.xcassets in Resources */,
				5A28389A202987CC00BBBA48 /* Main.storyboard in Resources */,
			);
			runOnlyForDeploymentPostprocessing = 0;
		};
		5A2838A3202987CC00BBBA48 /* Resources */ = {
			isa = PBXResourcesBuildPhase;
			buildActionMask = 2147483647;
			files = (
			);
			runOnlyForDeploymentPostprocessing = 0;
		};
		5A2838AE202987CC00BBBA48 /* Resources */ = {
			isa = PBXResourcesBuildPhase;
			buildActionMask = 2147483647;
			files = (
			);
			runOnlyForDeploymentPostprocessing = 0;
		};
/* End PBXResourcesBuildPhase section */

/* Begin PBXShellScriptBuildPhase section */
		2E10155EB456BF2BC77F7B7E /* [CP] Copy Pods Resources */ = {
			isa = PBXShellScriptBuildPhase;
			buildActionMask = 2147483647;
			files = (
			);
			inputPaths = (
			);
			name = "[CP] Copy Pods Resources";
			outputPaths = (
			);
			runOnlyForDeploymentPostprocessing = 0;
			shellPath = /bin/sh;
			shellScript = "\"${SRCROOT}/Pods/Target Support Files/Pods-flixUITests/Pods-flixUITests-resources.sh\"\n";
			showEnvVarsInLog = 0;
		};
		2FFC765B923F3BB3E6E74F2E /* [CP] Check Pods Manifest.lock */ = {
			isa = PBXShellScriptBuildPhase;
			buildActionMask = 2147483647;
			files = (
			);
			inputPaths = (
				"${PODS_PODFILE_DIR_PATH}/Podfile.lock",
				"${PODS_ROOT}/Manifest.lock",
			);
			name = "[CP] Check Pods Manifest.lock";
			outputPaths = (
				"$(DERIVED_FILE_DIR)/Pods-flixTests-checkManifestLockResult.txt",
			);
			runOnlyForDeploymentPostprocessing = 0;
			shellPath = /bin/sh;
			shellScript = "diff \"${PODS_PODFILE_DIR_PATH}/Podfile.lock\" \"${PODS_ROOT}/Manifest.lock\" > /dev/null\nif [ $? != 0 ] ; then\n    # print error to STDERR\n    echo \"error: The sandbox is not in sync with the Podfile.lock. Run 'pod install' or update your CocoaPods installation.\" >&2\n    exit 1\nfi\n# This output is used by Xcode 'outputs' to avoid re-running this script phase.\necho \"SUCCESS\" > \"${SCRIPT_OUTPUT_FILE_0}\"\n";
			showEnvVarsInLog = 0;
		};
		3FB954DBA99D02048E3D5C97 /* [CP] Copy Pods Resources */ = {
			isa = PBXShellScriptBuildPhase;
			buildActionMask = 2147483647;
			files = (
			);
			inputPaths = (
			);
			name = "[CP] Copy Pods Resources";
			outputPaths = (
			);
			runOnlyForDeploymentPostprocessing = 0;
			shellPath = /bin/sh;
			shellScript = "\"${SRCROOT}/Pods/Target Support Files/Pods-flix/Pods-flix-resources.sh\"\n";
			showEnvVarsInLog = 0;
		};
		58584D8AA7E121E269749F8A /* [CP] Embed Pods Frameworks */ = {
			isa = PBXShellScriptBuildPhase;
			buildActionMask = 2147483647;
			files = (
			);
			inputPaths = (
			);
			name = "[CP] Embed Pods Frameworks";
			outputPaths = (
			);
			runOnlyForDeploymentPostprocessing = 0;
			shellPath = /bin/sh;
			shellScript = "\"${SRCROOT}/Pods/Target Support Files/Pods-flixUITests/Pods-flixUITests-frameworks.sh\"\n";
			showEnvVarsInLog = 0;
		};
		586CC8DB5303F65DADD1014A /* [CP] Copy Pods Resources */ = {
			isa = PBXShellScriptBuildPhase;
			buildActionMask = 2147483647;
			files = (
			);
			inputPaths = (
			);
			name = "[CP] Copy Pods Resources";
			outputPaths = (
			);
			runOnlyForDeploymentPostprocessing = 0;
			shellPath = /bin/sh;
			shellScript = "\"${SRCROOT}/Pods/Target Support Files/Pods-flixTests/Pods-flixTests-resources.sh\"\n";
			showEnvVarsInLog = 0;
		};
		CEAE474B393ADA77DEE535BB /* [CP] Check Pods Manifest.lock */ = {
			isa = PBXShellScriptBuildPhase;
			buildActionMask = 2147483647;
			files = (
			);
			inputPaths = (
				"${PODS_PODFILE_DIR_PATH}/Podfile.lock",
				"${PODS_ROOT}/Manifest.lock",
			);
			name = "[CP] Check Pods Manifest.lock";
			outputPaths = (
				"$(DERIVED_FILE_DIR)/Pods-flixUITests-checkManifestLockResult.txt",
			);
			runOnlyForDeploymentPostprocessing = 0;
			shellPath = /bin/sh;
			shellScript = "diff \"${PODS_PODFILE_DIR_PATH}/Podfile.lock\" \"${PODS_ROOT}/Manifest.lock\" > /dev/null\nif [ $? != 0 ] ; then\n    # print error to STDERR\n    echo \"error: The sandbox is not in sync with the Podfile.lock. Run 'pod install' or update your CocoaPods installation.\" >&2\n    exit 1\nfi\n# This output is used by Xcode 'outputs' to avoid re-running this script phase.\necho \"SUCCESS\" > \"${SCRIPT_OUTPUT_FILE_0}\"\n";
			showEnvVarsInLog = 0;
		};
		DFF71EFF7D8663C92B99429E /* [CP] Check Pods Manifest.lock */ = {
			isa = PBXShellScriptBuildPhase;
			buildActionMask = 2147483647;
			files = (
			);
			inputPaths = (
				"${PODS_PODFILE_DIR_PATH}/Podfile.lock",
				"${PODS_ROOT}/Manifest.lock",
			);
			name = "[CP] Check Pods Manifest.lock";
			outputPaths = (
				"$(DERIVED_FILE_DIR)/Pods-flix-checkManifestLockResult.txt",
			);
			runOnlyForDeploymentPostprocessing = 0;
			shellPath = /bin/sh;
			shellScript = "diff \"${PODS_PODFILE_DIR_PATH}/Podfile.lock\" \"${PODS_ROOT}/Manifest.lock\" > /dev/null\nif [ $? != 0 ] ; then\n    # print error to STDERR\n    echo \"error: The sandbox is not in sync with the Podfile.lock. Run 'pod install' or update your CocoaPods installation.\" >&2\n    exit 1\nfi\n# This output is used by Xcode 'outputs' to avoid re-running this script phase.\necho \"SUCCESS\" > \"${SCRIPT_OUTPUT_FILE_0}\"\n";
			showEnvVarsInLog = 0;
		};
		E9BD0D3BEF57ADC1CD82CF59 /* [CP] Embed Pods Frameworks */ = {
			isa = PBXShellScriptBuildPhase;
			buildActionMask = 2147483647;
			files = (
			);
			inputPaths = (
				"${SRCROOT}/Pods/Target Support Files/Pods-flix/Pods-flix-frameworks.sh",
				"${BUILT_PRODUCTS_DIR}/Alamofire/Alamofire.framework",
				"${BUILT_PRODUCTS_DIR}/AlamofireImage/AlamofireImage.framework",
			);
			name = "[CP] Embed Pods Frameworks";
			outputPaths = (
				"${TARGET_BUILD_DIR}/${FRAMEWORKS_FOLDER_PATH}/Alamofire.framework",
				"${TARGET_BUILD_DIR}/${FRAMEWORKS_FOLDER_PATH}/AlamofireImage.framework",
			);
			runOnlyForDeploymentPostprocessing = 0;
			shellPath = /bin/sh;
			shellScript = "\"${SRCROOT}/Pods/Target Support Files/Pods-flix/Pods-flix-frameworks.sh\"\n";
			showEnvVarsInLog = 0;
		};
		F712DAFA11713B76A1BF8199 /* [CP] Embed Pods Frameworks */ = {
			isa = PBXShellScriptBuildPhase;
			buildActionMask = 2147483647;
			files = (
			);
			inputPaths = (
			);
			name = "[CP] Embed Pods Frameworks";
			outputPaths = (
			);
			runOnlyForDeploymentPostprocessing = 0;
			shellPath = /bin/sh;
			shellScript = "\"${SRCROOT}/Pods/Target Support Files/Pods-flixTests/Pods-flixTests-frameworks.sh\"\n";
			showEnvVarsInLog = 0;
		};
/* End PBXShellScriptBuildPhase section */

/* Begin PBXSourcesBuildPhase section */
		5A28388D202987CC00BBBA48 /* Sources */ = {
			isa = PBXSourcesBuildPhase;
			buildActionMask = 2147483647;
			files = (
				5AFCBF3620298AB800C2EDFF /* NowPlayingViewController.swift in Sources */,
				5A283895202987CC00BBBA48 /* AppDelegate.swift in Sources */,
				5AFCBF382029921400C2EDFF /* MovieCell.swift in Sources */,
				5AF133C2202A7E3600190CD7 /* DetailViewController.swift in Sources */,
			);
			runOnlyForDeploymentPostprocessing = 0;
		};
		5A2838A1202987CC00BBBA48 /* Sources */ = {
			isa = PBXSourcesBuildPhase;
			buildActionMask = 2147483647;
			files = (
				5A2838AA202987CC00BBBA48 /* flixTests.swift in Sources */,
			);
			runOnlyForDeploymentPostprocessing = 0;
		};
		5A2838AC202987CC00BBBA48 /* Sources */ = {
			isa = PBXSourcesBuildPhase;
			buildActionMask = 2147483647;
			files = (
				5A2838B5202987CC00BBBA48 /* flixUITests.swift in Sources */,
			);
			runOnlyForDeploymentPostprocessing = 0;
		};
/* End PBXSourcesBuildPhase section */

/* Begin PBXTargetDependency section */
		5A2838A7202987CC00BBBA48 /* PBXTargetDependency */ = {
			isa = PBXTargetDependency;
			target = 5A283890202987CC00BBBA48 /* flix */;
			targetProxy = 5A2838A6202987CC00BBBA48 /* PBXContainerItemProxy */;
		};
		5A2838B2202987CC00BBBA48 /* PBXTargetDependency */ = {
			isa = PBXTargetDependency;
			target = 5A283890202987CC00BBBA48 /* flix */;
			targetProxy = 5A2838B1202987CC00BBBA48 /* PBXContainerItemProxy */;
		};
/* End PBXTargetDependency section */

/* Begin PBXVariantGroup section */
		5A283898202987CC00BBBA48 /* Main.storyboard */ = {
			isa = PBXVariantGroup;
			children = (
				5A283899202987CC00BBBA48 /* Base */,
			);
			name = Main.storyboard;
			sourceTree = "<group>";
		};
		5A28389D202987CC00BBBA48 /* LaunchScreen.storyboard */ = {
			isa = PBXVariantGroup;
			children = (
				5A28389E202987CC00BBBA48 /* Base */,
			);
			name = LaunchScreen.storyboard;
			sourceTree = "<group>";
		};
/* End PBXVariantGroup section */

/* Begin XCBuildConfiguration section */
		5A2838B7202987CC00BBBA48 /* Debug */ = {
			isa = XCBuildConfiguration;
			buildSettings = {
				ALWAYS_SEARCH_USER_PATHS = NO;
				CLANG_ANALYZER_NONNULL = YES;
				CLANG_ANALYZER_NUMBER_OBJECT_CONVERSION = YES_AGGRESSIVE;
				CLANG_CXX_LANGUAGE_STANDARD = "gnu++14";
				CLANG_CXX_LIBRARY = "libc++";
				CLANG_ENABLE_MODULES = YES;
				CLANG_ENABLE_OBJC_ARC = YES;
				CLANG_WARN_BLOCK_CAPTURE_AUTORELEASING = YES;
				CLANG_WARN_BOOL_CONVERSION = YES;
				CLANG_WARN_COMMA = YES;
				CLANG_WARN_CONSTANT_CONVERSION = YES;
				CLANG_WARN_DIRECT_OBJC_ISA_USAGE = YES_ERROR;
				CLANG_WARN_DOCUMENTATION_COMMENTS = YES;
				CLANG_WARN_EMPTY_BODY = YES;
				CLANG_WARN_ENUM_CONVERSION = YES;
				CLANG_WARN_INFINITE_RECURSION = YES;
				CLANG_WARN_INT_CONVERSION = YES;
				CLANG_WARN_NON_LITERAL_NULL_CONVERSION = YES;
				CLANG_WARN_OBJC_LITERAL_CONVERSION = YES;
				CLANG_WARN_OBJC_ROOT_CLASS = YES_ERROR;
				CLANG_WARN_RANGE_LOOP_ANALYSIS = YES;
				CLANG_WARN_STRICT_PROTOTYPES = YES;
				CLANG_WARN_SUSPICIOUS_MOVE = YES;
				CLANG_WARN_UNGUARDED_AVAILABILITY = YES_AGGRESSIVE;
				CLANG_WARN_UNREACHABLE_CODE = YES;
				CLANG_WARN__DUPLICATE_METHOD_MATCH = YES;
				CODE_SIGN_IDENTITY = "iPhone Developer";
				COPY_PHASE_STRIP = NO;
				DEBUG_INFORMATION_FORMAT = dwarf;
				ENABLE_STRICT_OBJC_MSGSEND = YES;
				ENABLE_TESTABILITY = YES;
				GCC_C_LANGUAGE_STANDARD = gnu11;
				GCC_DYNAMIC_NO_PIC = NO;
				GCC_NO_COMMON_BLOCKS = YES;
				GCC_OPTIMIZATION_LEVEL = 0;
				GCC_PREPROCESSOR_DEFINITIONS = (
					"DEBUG=1",
					"$(inherited)",
				);
				GCC_WARN_64_TO_32_BIT_CONVERSION = YES;
				GCC_WARN_ABOUT_RETURN_TYPE = YES_ERROR;
				GCC_WARN_UNDECLARED_SELECTOR = YES;
				GCC_WARN_UNINITIALIZED_AUTOS = YES_AGGRESSIVE;
				GCC_WARN_UNUSED_FUNCTION = YES;
				GCC_WARN_UNUSED_VARIABLE = YES;
				IPHONEOS_DEPLOYMENT_TARGET = 11.2;
				MTL_ENABLE_DEBUG_INFO = YES;
				ONLY_ACTIVE_ARCH = YES;
				SDKROOT = iphoneos;
				SWIFT_ACTIVE_COMPILATION_CONDITIONS = DEBUG;
				SWIFT_OPTIMIZATION_LEVEL = "-Onone";
			};
			name = Debug;
		};
		5A2838B8202987CC00BBBA48 /* Release */ = {
			isa = XCBuildConfiguration;
			buildSettings = {
				ALWAYS_SEARCH_USER_PATHS = NO;
				CLANG_ANALYZER_NONNULL = YES;
				CLANG_ANALYZER_NUMBER_OBJECT_CONVERSION = YES_AGGRESSIVE;
				CLANG_CXX_LANGUAGE_STANDARD = "gnu++14";
				CLANG_CXX_LIBRARY = "libc++";
				CLANG_ENABLE_MODULES = YES;
				CLANG_ENABLE_OBJC_ARC = YES;
				CLANG_WARN_BLOCK_CAPTURE_AUTORELEASING = YES;
				CLANG_WARN_BOOL_CONVERSION = YES;
				CLANG_WARN_COMMA = YES;
				CLANG_WARN_CONSTANT_CONVERSION = YES;
				CLANG_WARN_DIRECT_OBJC_ISA_USAGE = YES_ERROR;
				CLANG_WARN_DOCUMENTATION_COMMENTS = YES;
				CLANG_WARN_EMPTY_BODY = YES;
				CLANG_WARN_ENUM_CONVERSION = YES;
				CLANG_WARN_INFINITE_RECURSION = YES;
				CLANG_WARN_INT_CONVERSION = YES;
				CLANG_WARN_NON_LITERAL_NULL_CONVERSION = YES;
				CLANG_WARN_OBJC_LITERAL_CONVERSION = YES;
				CLANG_WARN_OBJC_ROOT_CLASS = YES_ERROR;
				CLANG_WARN_RANGE_LOOP_ANALYSIS = YES;
				CLANG_WARN_STRICT_PROTOTYPES = YES;
				CLANG_WARN_SUSPICIOUS_MOVE = YES;
				CLANG_WARN_UNGUARDED_AVAILABILITY = YES_AGGRESSIVE;
				CLANG_WARN_UNREACHABLE_CODE = YES;
				CLANG_WARN__DUPLICATE_METHOD_MATCH = YES;
				CODE_SIGN_IDENTITY = "iPhone Developer";
				COPY_PHASE_STRIP = NO;
				DEBUG_INFORMATION_FORMAT = "dwarf-with-dsym";
				ENABLE_NS_ASSERTIONS = NO;
				ENABLE_STRICT_OBJC_MSGSEND = YES;
				GCC_C_LANGUAGE_STANDARD = gnu11;
				GCC_NO_COMMON_BLOCKS = YES;
				GCC_WARN_64_TO_32_BIT_CONVERSION = YES;
				GCC_WARN_ABOUT_RETURN_TYPE = YES_ERROR;
				GCC_WARN_UNDECLARED_SELECTOR = YES;
				GCC_WARN_UNINITIALIZED_AUTOS = YES_AGGRESSIVE;
				GCC_WARN_UNUSED_FUNCTION = YES;
				GCC_WARN_UNUSED_VARIABLE = YES;
				IPHONEOS_DEPLOYMENT_TARGET = 11.2;
				MTL_ENABLE_DEBUG_INFO = NO;
				SDKROOT = iphoneos;
				SWIFT_OPTIMIZATION_LEVEL = "-Owholemodule";
				VALIDATE_PRODUCT = YES;
			};
			name = Release;
		};
		5A2838BA202987CC00BBBA48 /* Debug */ = {
			isa = XCBuildConfiguration;
			baseConfigurationReference = 48590C62BA0A3EAA143512E7 /* Pods-flix.debug.xcconfig */;
			buildSettings = {
				ASSETCATALOG_COMPILER_APPICON_NAME = AppIcon;
				CODE_SIGN_STYLE = Automatic;
				INFOPLIST_FILE = flix/Info.plist;
				LD_RUNPATH_SEARCH_PATHS = "$(inherited) @executable_path/Frameworks";
				PRODUCT_BUNDLE_IDENTIFIER = com.godwinpang.flix;
				PRODUCT_NAME = "$(TARGET_NAME)";
				SWIFT_VERSION = 4.0;
				TARGETED_DEVICE_FAMILY = "1,2";
			};
			name = Debug;
		};
		5A2838BB202987CC00BBBA48 /* Release */ = {
			isa = XCBuildConfiguration;
			baseConfigurationReference = C519B3D0DF83C7EEF5ADB554 /* Pods-flix.release.xcconfig */;
			buildSettings = {
				ASSETCATALOG_COMPILER_APPICON_NAME = AppIcon;
				CODE_SIGN_STYLE = Automatic;
				INFOPLIST_FILE = flix/Info.plist;
				LD_RUNPATH_SEARCH_PATHS = "$(inherited) @executable_path/Frameworks";
				PRODUCT_BUNDLE_IDENTIFIER = com.godwinpang.flix;
				PRODUCT_NAME = "$(TARGET_NAME)";
				SWIFT_VERSION = 4.0;
				TARGETED_DEVICE_FAMILY = "1,2";
			};
			name = Release;
		};
		5A2838BD202987CC00BBBA48 /* Debug */ = {
			isa = XCBuildConfiguration;
			baseConfigurationReference = 51D972E991B0667BE2E3AFDC /* Pods-flixTests.debug.xcconfig */;
			buildSettings = {
				ALWAYS_EMBED_SWIFT_STANDARD_LIBRARIES = YES;
				BUNDLE_LOADER = "$(TEST_HOST)";
				CODE_SIGN_STYLE = Automatic;
				INFOPLIST_FILE = flixTests/Info.plist;
				LD_RUNPATH_SEARCH_PATHS = "$(inherited) @executable_path/Frameworks @loader_path/Frameworks";
				PRODUCT_BUNDLE_IDENTIFIER = com.godwinpang.flixTests;
				PRODUCT_NAME = "$(TARGET_NAME)";
				SWIFT_VERSION = 4.0;
				TARGETED_DEVICE_FAMILY = "1,2";
				TEST_HOST = "$(BUILT_PRODUCTS_DIR)/flix.app/flix";
			};
			name = Debug;
		};
		5A2838BE202987CC00BBBA48 /* Release */ = {
			isa = XCBuildConfiguration;
			baseConfigurationReference = B4F9C41849BED9455A66F109 /* Pods-flixTests.release.xcconfig */;
			buildSettings = {
				ALWAYS_EMBED_SWIFT_STANDARD_LIBRARIES = YES;
				BUNDLE_LOADER = "$(TEST_HOST)";
				CODE_SIGN_STYLE = Automatic;
				INFOPLIST_FILE = flixTests/Info.plist;
				LD_RUNPATH_SEARCH_PATHS = "$(inherited) @executable_path/Frameworks @loader_path/Frameworks";
				PRODUCT_BUNDLE_IDENTIFIER = com.godwinpang.flixTests;
				PRODUCT_NAME = "$(TARGET_NAME)";
				SWIFT_VERSION = 4.0;
				TARGETED_DEVICE_FAMILY = "1,2";
				TEST_HOST = "$(BUILT_PRODUCTS_DIR)/flix.app/flix";
			};
			name = Release;
		};
		5A2838C0202987CC00BBBA48 /* Debug */ = {
			isa = XCBuildConfiguration;
			baseConfigurationReference = E9E2A65BF5A237BDC321B625 /* Pods-flixUITests.debug.xcconfig */;
			buildSettings = {
				ALWAYS_EMBED_SWIFT_STANDARD_LIBRARIES = YES;
				CODE_SIGN_STYLE = Automatic;
				INFOPLIST_FILE = flixUITests/Info.plist;
				LD_RUNPATH_SEARCH_PATHS = "$(inherited) @executable_path/Frameworks @loader_path/Frameworks";
				PRODUCT_BUNDLE_IDENTIFIER = com.godwinpang.flixUITests;
				PRODUCT_NAME = "$(TARGET_NAME)";
				SWIFT_VERSION = 4.0;
				TARGETED_DEVICE_FAMILY = "1,2";
				TEST_TARGET_NAME = flix;
			};
			name = Debug;
		};
		5A2838C1202987CC00BBBA48 /* Release */ = {
			isa = XCBuildConfiguration;
			baseConfigurationReference = E4D567B59054039A906DAEEE /* Pods-flixUITests.release.xcconfig */;
			buildSettings = {
				ALWAYS_EMBED_SWIFT_STANDARD_LIBRARIES = YES;
				CODE_SIGN_STYLE = Automatic;
				INFOPLIST_FILE = flixUITests/Info.plist;
				LD_RUNPATH_SEARCH_PATHS = "$(inherited) @executable_path/Frameworks @loader_path/Frameworks";
				PRODUCT_BUNDLE_IDENTIFIER = com.godwinpang.flixUITests;
				PRODUCT_NAME = "$(TARGET_NAME)";
				SWIFT_VERSION = 4.0;
				TARGETED_DEVICE_FAMILY = "1,2";
				TEST_TARGET_NAME = flix;
			};
			name = Release;
		};
/* End XCBuildConfiguration section */

/* Begin XCConfigurationList section */
		5A28388C202987CC00BBBA48 /* Build configuration list for PBXProject "flix" */ = {
			isa = XCConfigurationList;
			buildConfigurations = (
				5A2838B7202987CC00BBBA48 /* Debug */,
				5A2838B8202987CC00BBBA48 /* Release */,
			);
			defaultConfigurationIsVisible = 0;
			defaultConfigurationName = Release;
		};
		5A2838B9202987CC00BBBA48 /* Build configuration list for PBXNativeTarget "flix" */ = {
			isa = XCConfigurationList;
			buildConfigurations = (
				5A2838BA202987CC00BBBA48 /* Debug */,
				5A2838BB202987CC00BBBA48 /* Release */,
			);
			defaultConfigurationIsVisible = 0;
			defaultConfigurationName = Release;
		};
		5A2838BC202987CC00BBBA48 /* Build configuration list for PBXNativeTarget "flixTests" */ = {
			isa = XCConfigurationList;
			buildConfigurations = (
				5A2838BD202987CC00BBBA48 /* Debug */,
				5A2838BE202987CC00BBBA48 /* Release */,
			);
			defaultConfigurationIsVisible = 0;
			defaultConfigurationName = Release;
		};
		5A2838BF202987CC00BBBA48 /* Build configuration list for PBXNativeTarget "flixUITests" */ = {
			isa = XCConfigurationList;
			buildConfigurations = (
				5A2838C0202987CC00BBBA48 /* Debug */,
				5A2838C1202987CC00BBBA48 /* Release */,
			);
			defaultConfigurationIsVisible = 0;
			defaultConfigurationName = Release;
		};
/* End XCConfigurationList section */
	};
	rootObject = 5A283889202987CC00BBBA48 /* Project object */;
}
